
Microsoft Visual Studio Solution File, Format Version 12.00
# Visual Studio Version 16
VisualStudioVersion = 16.0.29102.190
MinimumVisualStudioVersion = 10.0.40219.1
Project("{FAE04EC0-301F-11D3-BF4B-00C04F79EFBC}") = "Behavioral.State", "Behavioral.State\Behavioral.State.csproj", "{4FFB1BEC-2D24-47F7-B946-67AF0193CCB9}"
EndProject
Global
	GlobalSection(SolutionConfigurationPlatforms) = preSolution
		Debug|Any CPU = Debug|Any CPU
		Release|Any CPU = Release|Any CPU
	EndGlobalSection
	GlobalSection(ProjectConfigurationPlatforms) = postSolution
		{4FFB1BEC-2D24-47F7-B946-67AF0193CCB9}.Debug|Any CPU.ActiveCfg = Debug|Any CPU
		{4FFB1BEC-2D24-47F7-B946-67AF0193CCB9}.Debug|Any CPU.Build.0 = Debug|Any CPU
		{4FFB1BEC-2D24-47F7-B946-67AF0193CCB9}.Release|Any CPU.ActiveCfg = Release|Any CPU
		{4FFB1BEC-2D24-47F7-B946-67AF0193CCB9}.Release|Any CPU.Build.0 = Release|Any CPU
	EndGlobalSection
	GlobalSection(SolutionProperties) = preSolution
		HideSolutionNode = FALSE
	EndGlobalSection
	GlobalSection(ExtensibilityGlobals) = postSolution
		SolutionGuid = {3351E91B-C963-4737-A386-A240B31C0F1A}
	EndGlobalSection
EndGlobal
